
Microsoft Visual Studio Solution File, Format Version 12.00
# Visual Studio Version 16
VisualStudioVersion = 16.0.30717.126
MinimumVisualStudioVersion = 10.0.40219.1
Project("{FAE04EC0-301F-11D3-BF4B-00C04F79EFBC}") = "PTHShopping", "PTHShopping\PTHShopping.csproj", "{B1446AFE-CCA4-4C54-82E0-3C3873B36EBA}"
EndProject
Global
	GlobalSection(SolutionConfigurationPlatforms) = preSolution
		Debug|Any CPU = Debug|Any CPU
		Release|Any CPU = Release|Any CPU
	EndGlobalSection
	GlobalSection(ProjectConfigurationPlatforms) = postSolution
		{B1446AFE-CCA4-4C54-82E0-3C3873B36EBA}.Debug|Any CPU.ActiveCfg = Debug|Any CPU
		{B1446AFE-CCA4-4C54-82E0-3C3873B36EBA}.Debug|Any CPU.Build.0 = Debug|Any CPU
		{B1446AFE-CCA4-4C54-82E0-3C3873B36EBA}.Release|Any CPU.ActiveCfg = Release|Any CPU
		{B1446AFE-CCA4-4C54-82E0-3C3873B36EBA}.Release|Any CPU.Build.0 = Release|Any CPU
	EndGlobalSection
	GlobalSection(SolutionProperties) = preSolution
		HideSolutionNode = FALSE
	EndGlobalSection
	GlobalSection(ExtensibilityGlobals) = postSolution
		SolutionGuid = {11DC54AC-2680-4C93-9860-CC82D51985BF}
	EndGlobalSection
EndGlobal
